
Microsoft Visual Studio Solution File, Format Version 12.00
# Visual Studio 14
VisualStudioVersion = 14.0.25420.1
MinimumVisualStudioVersion = 10.0.40219.1
Project("{FAE04EC0-301F-11D3-BF4B-00C04F79EFBC}") = "RBBot.RBConsole", "RBBot.RBConsole\RBBot.RBConsole.csproj", "{2E314CB2-83F8-41BC-B17C-CA2A4BCDBD86}"
EndProject
Project("{FAE04EC0-301F-11D3-BF4B-00C04F79EFBC}") = "RBBot.Core", "RBBot.Core\RBBot.Core.csproj", "{AF548406-2976-4E3E-82A0-F5436A8EE8F8}"
EndProject
Global
	GlobalSection(SolutionConfigurationPlatforms) = preSolution
		Debug|Any CPU = Debug|Any CPU
		Release|Any CPU = Release|Any CPU
	EndGlobalSection
	GlobalSection(ProjectConfigurationPlatforms) = postSolution
		{2E314CB2-83F8-41BC-B17C-CA2A4BCDBD86}.Debug|Any CPU.ActiveCfg = Debug|Any CPU
		{2E314CB2-83F8-41BC-B17C-CA2A4BCDBD86}.Debug|Any CPU.Build.0 = Debug|Any CPU
		{2E314CB2-83F8-41BC-B17C-CA2A4BCDBD86}.Release|Any CPU.ActiveCfg = Release|Any CPU
		{2E314CB2-83F8-41BC-B17C-CA2A4BCDBD86}.Release|Any CPU.Build.0 = Release|Any CPU
		{AF548406-2976-4E3E-82A0-F5436A8EE8F8}.Debug|Any CPU.ActiveCfg = Debug|Any CPU
		{AF548406-2976-4E3E-82A0-F5436A8EE8F8}.Debug|Any CPU.Build.0 = Debug|Any CPU
		{AF548406-2976-4E3E-82A0-F5436A8EE8F8}.Release|Any CPU.ActiveCfg = Release|Any CPU
		{AF548406-2976-4E3E-82A0-F5436A8EE8F8}.Release|Any CPU.Build.0 = Release|Any CPU
	EndGlobalSection
	GlobalSection(SolutionProperties) = preSolution
		HideSolutionNode = FALSE
	EndGlobalSection
EndGlobal
